
Microsoft Visual Studio Solution File, Format Version 12.00
# Visual Studio Version 16
VisualStudioVersion = 16.0.29806.167
MinimumVisualStudioVersion = 10.0.40219.1
Project("{9A19103F-16F7-4668-BE54-9A1E7A4F7556}") = "Rozdz_1_Generics", "Rozdz_1_Generics\Rozdz_1_Generics.csproj", "{C3C8DF4E-5522-4F8C-8BEB-4D3886DA0F7B}"
EndProject
Project("{9A19103F-16F7-4668-BE54-9A1E7A4F7556}") = "Rozdz1_Generics_Test", "Rozdz1_Generics_Test\Rozdz1_Generics_Test.csproj", "{2193870A-EFBD-49AD-A42B-9C024547B131}"
EndProject
Global
	GlobalSection(SolutionConfigurationPlatforms) = preSolution
		Debug|Any CPU = Debug|Any CPU
		Release|Any CPU = Release|Any CPU
	EndGlobalSection
	GlobalSection(ProjectConfigurationPlatforms) = postSolution
		{C3C8DF4E-5522-4F8C-8BEB-4D3886DA0F7B}.Debug|Any CPU.ActiveCfg = Debug|Any CPU
		{C3C8DF4E-5522-4F8C-8BEB-4D3886DA0F7B}.Debug|Any CPU.Build.0 = Debug|Any CPU
		{C3C8DF4E-5522-4F8C-8BEB-4D3886DA0F7B}.Release|Any CPU.ActiveCfg = Release|Any CPU
		{C3C8DF4E-5522-4F8C-8BEB-4D3886DA0F7B}.Release|Any CPU.Build.0 = Release|Any CPU
		{2193870A-EFBD-49AD-A42B-9C024547B131}.Debug|Any CPU.ActiveCfg = Debug|Any CPU
		{2193870A-EFBD-49AD-A42B-9C024547B131}.Debug|Any CPU.Build.0 = Debug|Any CPU
		{2193870A-EFBD-49AD-A42B-9C024547B131}.Release|Any CPU.ActiveCfg = Release|Any CPU
		{2193870A-EFBD-49AD-A42B-9C024547B131}.Release|Any CPU.Build.0 = Release|Any CPU
	EndGlobalSection
	GlobalSection(SolutionProperties) = preSolution
		HideSolutionNode = FALSE
	EndGlobalSection
	GlobalSection(ExtensibilityGlobals) = postSolution
		SolutionGuid = {4DDAEB4E-7D43-4288-A212-2BE35FC6DD3E}
	EndGlobalSection
EndGlobal
